// !$*UTF8*$!
{
	archiveVersion = 1;
	classes = {
	};
	objectVersion = 56;
	objects = {

/* Begin PBXBuildFile section */
		FB077B3129E4720F004F0857 /* ModelSketchApp.swift in Sources */ = {isa = PBXBuildFile; fileRef = FB077B3029E4720F004F0857 /* ModelSketchApp.swift */; };
		FB077B3329E4720F004F0857 /* ContentView.swift in Sources */ = {isa = PBXBuildFile; fileRef = FB077B3229E4720F004F0857 /* ContentView.swift */; };
		FB077B3529E4720F004F0857 /* Assets.xcassets in Resources */ = {isa = PBXBuildFile; fileRef = FB077B3429E4720F004F0857 /* Assets.xcassets */; };
		FB077B3829E4720F004F0857 /* Preview Assets.xcassets in Resources */ = {isa = PBXBuildFile; fileRef = FB077B3729E4720F004F0857 /* Preview Assets.xcassets */; };
		FB077B4329E472CA004F0857 /* SketchView.swift in Sources */ = {isa = PBXBuildFile; fileRef = FB077B4229E472CA004F0857 /* SketchView.swift */; };
		FB077B4529E654DE004F0857 /* InstantPanGestureRecognizer.swift in Sources */ = {isa = PBXBuildFile; fileRef = FB077B4429E654DE004F0857 /* InstantPanGestureRecognizer.swift */; };
		FB077B4729E65531004F0857 /* Model.swift in Sources */ = {isa = PBXBuildFile; fileRef = FB077B4629E65531004F0857 /* Model.swift */; };
		FB077B4929E722ED004F0857 /* PencilDeleteGestureRecognizer.swift in Sources */ = {isa = PBXBuildFile; fileRef = FB077B4829E722ED004F0857 /* PencilDeleteGestureRecognizer.swift */; };
		FB077B4B29E8BECD004F0857 /* PencilStrokeView.swift in Sources */ = {isa = PBXBuildFile; fileRef = FB077B4A29E8BECD004F0857 /* PencilStrokeView.swift */; };
		FB077B4E29E8C317004F0857 /* Wave in Frameworks */ = {isa = PBXBuildFile; productRef = FB077B4D29E8C317004F0857 /* Wave */; };
		FB077B5229EF638F004F0857 /* GesturesView.swift in Sources */ = {isa = PBXBuildFile; fileRef = FB077B5129EF638F004F0857 /* GesturesView.swift */; };
		FB077B5429EF7349004F0857 /* GestureTrainerView.swift in Sources */ = {isa = PBXBuildFile; fileRef = FB077B5329EF7349004F0857 /* GestureTrainerView.swift */; };
/* End PBXBuildFile section */

/* Begin PBXFileReference section */
		FB077B2D29E4720F004F0857 /* ModelSketch.app */ = {isa = PBXFileReference; explicitFileType = wrapper.application; includeInIndex = 0; path = ModelSketch.app; sourceTree = BUILT_PRODUCTS_DIR; };
		FB077B3029E4720F004F0857 /* ModelSketchApp.swift */ = {isa = PBXFileReference; lastKnownFileType = sourcecode.swift; path = ModelSketchApp.swift; sourceTree = "<group>"; };
		FB077B3229E4720F004F0857 /* ContentView.swift */ = {isa = PBXFileReference; lastKnownFileType = sourcecode.swift; path = ContentView.swift; sourceTree = "<group>"; };
		FB077B3429E4720F004F0857 /* Assets.xcassets */ = {isa = PBXFileReference; lastKnownFileType = folder.assetcatalog; path = Assets.xcassets; sourceTree = "<group>"; };
		FB077B3729E4720F004F0857 /* Preview Assets.xcassets */ = {isa = PBXFileReference; lastKnownFileType = folder.assetcatalog; path = "Preview Assets.xcassets"; sourceTree = "<group>"; };
		FB077B4229E472CA004F0857 /* SketchView.swift */ = {isa = PBXFileReference; lastKnownFileType = sourcecode.swift; path = SketchView.swift; sourceTree = "<group>"; };
		FB077B4429E654DE004F0857 /* InstantPanGestureRecognizer.swift */ = {isa = PBXFileReference; lastKnownFileType = sourcecode.swift; path = InstantPanGestureRecognizer.swift; sourceTree = "<group>"; };
		FB077B4629E65531004F0857 /* Model.swift */ = {isa = PBXFileReference; lastKnownFileType = sourcecode.swift; path = Model.swift; sourceTree = "<group>"; };
		FB077B4829E722ED004F0857 /* PencilDeleteGestureRecognizer.swift */ = {isa = PBXFileReference; lastKnownFileType = sourcecode.swift; path = PencilDeleteGestureRecognizer.swift; sourceTree = "<group>"; };
		FB077B4A29E8BECD004F0857 /* PencilStrokeView.swift */ = {isa = PBXFileReference; lastKnownFileType = sourcecode.swift; path = PencilStrokeView.swift; sourceTree = "<group>"; };
		FB077B5129EF638F004F0857 /* GesturesView.swift */ = {isa = PBXFileReference; lastKnownFileType = sourcecode.swift; path = GesturesView.swift; sourceTree = "<group>"; };
		FB077B5329EF7349004F0857 /* GestureTrainerView.swift */ = {isa = PBXFileReference; lastKnownFileType = sourcecode.swift; path = GestureTrainerView.swift; sourceTree = "<group>"; };
		FB077B5529EF9897004F0857 /* Info.plist */ = {isa = PBXFileReference; lastKnownFileType = text.plist; path = Info.plist; sourceTree = "<group>"; };
/* End PBXFileReference section */

/* Begin PBXFrameworksBuildPhase section */
		FB077B2A29E4720F004F0857 /* Frameworks */ = {
			isa = PBXFrameworksBuildPhase;
			buildActionMask = 2147483647;
			files = (
				FB077B4E29E8C317004F0857 /* Wave in Frameworks */,
			);
			runOnlyForDeploymentPostprocessing = 0;
		};
/* End PBXFrameworksBuildPhase section */

/* Begin PBXGroup section */
		FB077B2429E4720F004F0857 = {
			isa = PBXGroup;
			children = (
				FB077B2F29E4720F004F0857 /* ModelSketch */,
				FB077B2E29E4720F004F0857 /* Products */,
			);
			sourceTree = "<group>";
		};
		FB077B2E29E4720F004F0857 /* Products */ = {
			isa = PBXGroup;
			children = (
				FB077B2D29E4720F004F0857 /* ModelSketch.app */,
			);
			name = Products;
			sourceTree = "<group>";
		};
		FB077B2F29E4720F004F0857 /* ModelSketch */ = {
			isa = PBXGroup;
			children = (
				FB077B5529EF9897004F0857 /* Info.plist */,
				FB077B3029E4720F004F0857 /* ModelSketchApp.swift */,
				FB077B3229E4720F004F0857 /* ContentView.swift */,
				FB077B5129EF638F004F0857 /* GesturesView.swift */,
				FB077B5329EF7349004F0857 /* GestureTrainerView.swift */,
				FB077B4229E472CA004F0857 /* SketchView.swift */,
				FB077B4A29E8BECD004F0857 /* PencilStrokeView.swift */,
				FB077B4829E722ED004F0857 /* PencilDeleteGestureRecognizer.swift */,
				FB077B4429E654DE004F0857 /* InstantPanGestureRecognizer.swift */,
				FB077B4629E65531004F0857 /* Model.swift */,
				FB077B3429E4720F004F0857 /* Assets.xcassets */,
				FB077B3629E4720F004F0857 /* Preview Content */,
			);
			path = ModelSketch;
			sourceTree = "<group>";
		};
		FB077B3629E4720F004F0857 /* Preview Content */ = {
			isa = PBXGroup;
			children = (
				FB077B3729E4720F004F0857 /* Preview Assets.xcassets */,
			);
			path = "Preview Content";
			sourceTree = "<group>";
		};
/* End PBXGroup section */

/* Begin PBXNativeTarget section */
		FB077B2C29E4720F004F0857 /* ModelSketch */ = {
			isa = PBXNativeTarget;
			buildConfigurationList = FB077B3B29E4720F004F0857 /* Build configuration list for PBXNativeTarget "ModelSketch" */;
			buildPhases = (
				FB077B2929E4720F004F0857 /* Sources */,
				FB077B2A29E4720F004F0857 /* Frameworks */,
				FB077B2B29E4720F004F0857 /* Resources */,
			);
			buildRules = (
			);
			dependencies = (
			);
			name = ModelSketch;
			packageProductDependencies = (
				FB077B4D29E8C317004F0857 /* Wave */,
			);
			productName = ModelSketch;
			productReference = FB077B2D29E4720F004F0857 /* ModelSketch.app */;
			productType = "com.apple.product-type.application";
		};
/* End PBXNativeTarget section */

/* Begin PBXProject section */
		FB077B2529E4720F004F0857 /* Project object */ = {
			isa = PBXProject;
			attributes = {
				BuildIndependentTargetsInParallel = 1;
				LastSwiftUpdateCheck = 1420;
				LastUpgradeCheck = 1420;
				TargetAttributes = {
					FB077B2C29E4720F004F0857 = {
						CreatedOnToolsVersion = 14.2;
					};
				};
			};
			buildConfigurationList = FB077B2829E4720F004F0857 /* Build configuration list for PBXProject "ModelSketch" */;
			compatibilityVersion = "Xcode 14.0";
			developmentRegion = en;
			hasScannedForEncodings = 0;
			knownRegions = (
				en,
				Base,
			);
			mainGroup = FB077B2429E4720F004F0857;
			packageReferences = (
				FB077B4C29E8C317004F0857 /* XCRemoteSwiftPackageReference "Wave" */,
			);
			productRefGroup = FB077B2E29E4720F004F0857 /* Products */;
			projectDirPath = "";
			projectRoot = "";
			targets = (
				FB077B2C29E4720F004F0857 /* ModelSketch */,
			);
		};
/* End PBXProject section */

/* Begin PBXResourcesBuildPhase section */
		FB077B2B29E4720F004F0857 /* Resources */ = {
			isa = PBXResourcesBuildPhase;
			buildActionMask = 2147483647;
			files = (
				FB077B3829E4720F004F0857 /* Preview Assets.xcassets in Resources */,
				FB077B3529E4720F004F0857 /* Assets.xcassets in Resources */,
			);
			runOnlyForDeploymentPostprocessing = 0;
		};
/* End PBXResourcesBuildPhase section */

/* Begin PBXSourcesBuildPhase section */
		FB077B2929E4720F004F0857 /* Sources */ = {
			isa = PBXSourcesBuildPhase;
			buildActionMask = 2147483647;
			files = (
				FB077B4B29E8BECD004F0857 /* PencilStrokeView.swift in Sources */,
				FB077B4729E65531004F0857 /* Model.swift in Sources */,
				FB077B5229EF638F004F0857 /* GesturesView.swift in Sources */,
				FB077B4929E722ED004F0857 /* PencilDeleteGestureRecognizer.swift in Sources */,
				FB077B3329E4720F004F0857 /* ContentView.swift in Sources */,
				FB077B4529E654DE004F0857 /* InstantPanGestureRecognizer.swift in Sources */,
				FB077B4329E472CA004F0857 /* SketchView.swift in Sources */,
				FB077B5429EF7349004F0857 /* GestureTrainerView.swift in Sources */,
				FB077B3129E4720F004F0857 /* ModelSketchApp.swift in Sources */,
			);
			runOnlyForDeploymentPostprocessing = 0;
		};
/* End PBXSourcesBuildPhase section */

/* Begin XCBuildConfiguration section */
		FB077B3929E4720F004F0857 /* Debug */ = {
			isa = XCBuildConfiguration;
			buildSettings = {
				ALWAYS_SEARCH_USER_PATHS = NO;
				CLANG_ANALYZER_NONNULL = YES;
				CLANG_ANALYZER_NUMBER_OBJECT_CONVERSION = YES_AGGRESSIVE;
				CLANG_CXX_LANGUAGE_STANDARD = "gnu++20";
				CLANG_ENABLE_MODULES = YES;
				CLANG_ENABLE_OBJC_ARC = YES;
				CLANG_ENABLE_OBJC_WEAK = YES;
				CLANG_WARN_BLOCK_CAPTURE_AUTORELEASING = YES;
				CLANG_WARN_BOOL_CONVERSION = YES;
				CLANG_WARN_COMMA = YES;
				CLANG_WARN_CONSTANT_CONVERSION = YES;
				CLANG_WARN_DEPRECATED_OBJC_IMPLEMENTATIONS = YES;
				CLANG_WARN_DIRECT_OBJC_ISA_USAGE = YES_ERROR;
				CLANG_WARN_DOCUMENTATION_COMMENTS = YES;
				CLANG_WARN_EMPTY_BODY = YES;
				CLANG_WARN_ENUM_CONVERSION = YES;
				CLANG_WARN_INFINITE_RECURSION = YES;
				CLANG_WARN_INT_CONVERSION = YES;
				CLANG_WARN_NON_LITERAL_NULL_CONVERSION = YES;
				CLANG_WARN_OBJC_IMPLICIT_RETAIN_SELF = YES;
				CLANG_WARN_OBJC_LITERAL_CONVERSION = YES;
				CLANG_WARN_OBJC_ROOT_CLASS = YES_ERROR;
				CLANG_WARN_QUOTED_INCLUDE_IN_FRAMEWORK_HEADER = YES;
				CLANG_WARN_RANGE_LOOP_ANALYSIS = YES;
				CLANG_WARN_STRICT_PROTOTYPES = YES;
				CLANG_WARN_SUSPICIOUS_MOVE = YES;
				CLANG_WARN_UNGUARDED_AVAILABILITY = YES_AGGRESSIVE;
				CLANG_WARN_UNREACHABLE_CODE = YES;
				CLANG_WARN__DUPLICATE_METHOD_MATCH = YES;
				COPY_PHASE_STRIP = NO;
				DEBUG_INFORMATION_FORMAT = dwarf;
				ENABLE_STRICT_OBJC_MSGSEND = YES;
				ENABLE_TESTABILITY = YES;
				GCC_C_LANGUAGE_STANDARD = gnu11;
				GCC_DYNAMIC_NO_PIC = NO;
				GCC_NO_COMMON_BLOCKS = YES;
				GCC_OPTIMIZATION_LEVEL = 0;
				GCC_PREPROCESSOR_DEFINITIONS = (
					"DEBUG=1",
					"$(inherited)",
				);
				GCC_WARN_64_TO_32_BIT_CONVERSION = YES;
				GCC_WARN_ABOUT_RETURN_TYPE = YES_ERROR;
				GCC_WARN_UNDECLARED_SELECTOR = YES;
				GCC_WARN_UNINITIALIZED_AUTOS = YES_AGGRESSIVE;
				GCC_WARN_UNUSED_FUNCTION = YES;
				GCC_WARN_UNUSED_VARIABLE = YES;
				IPHONEOS_DEPLOYMENT_TARGET = 16.2;
				MTL_ENABLE_DEBUG_INFO = INCLUDE_SOURCE;
				MTL_FAST_MATH = YES;
				ONLY_ACTIVE_ARCH = YES;
				SDKROOT = iphoneos;
				SWIFT_ACTIVE_COMPILATION_CONDITIONS = DEBUG;
				SWIFT_OPTIMIZATION_LEVEL = "-Onone";
			};
			name = Debug;
		};
		FB077B3A29E4720F004F0857 /* Release */ = {
			isa = XCBuildConfiguration;
			buildSettings = {
				ALWAYS_SEARCH_USER_PATHS = NO;
				CLANG_ANALYZER_NONNULL = YES;
				CLANG_ANALYZER_NUMBER_OBJECT_CONVERSION = YES_AGGRESSIVE;
				CLANG_CXX_LANGUAGE_STANDARD = "gnu++20";
				CLANG_ENABLE_MODULES = YES;
				CLANG_ENABLE_OBJC_ARC = YES;
				CLANG_ENABLE_OBJC_WEAK = YES;
				CLANG_WARN_BLOCK_CAPTURE_AUTORELEASING = YES;
				CLANG_WARN_BOOL_CONVERSION = YES;
				CLANG_WARN_COMMA = YES;
				CLANG_WARN_CONSTANT_CONVERSION = YES;
				CLANG_WARN_DEPRECATED_OBJC_IMPLEMENTATIONS = YES;
				CLANG_WARN_DIRECT_OBJC_ISA_USAGE = YES_ERROR;
				CLANG_WARN_DOCUMENTATION_COMMENTS = YES;
				CLANG_WARN_EMPTY_BODY = YES;
				CLANG_WARN_ENUM_CONVERSION = YES;
				CLANG_WARN_INFINITE_RECURSION = YES;
				CLANG_WARN_INT_CONVERSION = YES;
				CLANG_WARN_NON_LITERAL_NULL_CONVERSION = YES;
				CLANG_WARN_OBJC_IMPLICIT_RETAIN_SELF = YES;
				CLANG_WARN_OBJC_LITERAL_CONVERSION = YES;
				CLANG_WARN_OBJC_ROOT_CLASS = YES_ERROR;
				CLANG_WARN_QUOTED_INCLUDE_IN_FRAMEWORK_HEADER = YES;
				CLANG_WARN_RANGE_LOOP_ANALYSIS = YES;
				CLANG_WARN_STRICT_PROTOTYPES = YES;
				CLANG_WARN_SUSPICIOUS_MOVE = YES;
				CLANG_WARN_UNGUARDED_AVAILABILITY = YES_AGGRESSIVE;
				CLANG_WARN_UNREACHABLE_CODE = YES;
				CLANG_WARN__DUPLICATE_METHOD_MATCH = YES;
				COPY_PHASE_STRIP = NO;
				DEBUG_INFORMATION_FORMAT = "dwarf-with-dsym";
				ENABLE_NS_ASSERTIONS = NO;
				ENABLE_STRICT_OBJC_MSGSEND = YES;
				GCC_C_LANGUAGE_STANDARD = gnu11;
				GCC_NO_COMMON_BLOCKS = YES;
				GCC_WARN_64_TO_32_BIT_CONVERSION = YES;
				GCC_WARN_ABOUT_RETURN_TYPE = YES_ERROR;
				GCC_WARN_UNDECLARED_SELECTOR = YES;
				GCC_WARN_UNINITIALIZED_AUTOS = YES_AGGRESSIVE;
				GCC_WARN_UNUSED_FUNCTION = YES;
				GCC_WARN_UNUSED_VARIABLE = YES;
				IPHONEOS_DEPLOYMENT_TARGET = 16.2;
				MTL_ENABLE_DEBUG_INFO = NO;
				MTL_FAST_MATH = YES;
				SDKROOT = iphoneos;
				SWIFT_COMPILATION_MODE = wholemodule;
				SWIFT_OPTIMIZATION_LEVEL = "-O";
				VALIDATE_PRODUCT = YES;
			};
			name = Release;
		};
		FB077B3C29E4720F004F0857 /* Debug */ = {
			isa = XCBuildConfiguration;
			buildSettings = {
				ASSETCATALOG_COMPILER_APPICON_NAME = AppIcon;
				ASSETCATALOG_COMPILER_GLOBAL_ACCENT_COLOR_NAME = AccentColor;
				CODE_SIGN_STYLE = Automatic;
				CURRENT_PROJECT_VERSION = 1;
				DEVELOPMENT_ASSET_PATHS = "\"ModelSketch/Preview Content\"";
				DEVELOPMENT_TEAM = FMKG4J2L9M;
				ENABLE_PREVIEWS = YES;
				GENERATE_INFOPLIST_FILE = YES;
				INFOPLIST_FILE = ModelSketch/Info.plist;
				INFOPLIST_KEY_LSSupportsOpeningDocumentsInPlace = YES;
				INFOPLIST_KEY_UIApplicationSceneManifest_Generation = YES;
				INFOPLIST_KEY_UIApplicationSupportsIndirectInputEvents = YES;
				INFOPLIST_KEY_UILaunchScreen_Generation = YES;
				INFOPLIST_KEY_UISupportedInterfaceOrientations_iPad = "UIInterfaceOrientationPortrait UIInterfaceOrientationPortraitUpsideDown UIInterfaceOrientationLandscapeLeft UIInterfaceOrientationLandscapeRight";
				INFOPLIST_KEY_UISupportedInterfaceOrientations_iPhone = "UIInterfaceOrientationPortrait UIInterfaceOrientationLandscapeLeft UIInterfaceOrientationLandscapeRight";
				LD_RUNPATH_SEARCH_PATHS = (
					"$(inherited)",
					"@executable_path/Frameworks",
				);
				MARKETING_VERSION = 1.0;
				PRODUCT_BUNDLE_IDENTIFIER = com.boztalay.ModelSketch;
				PRODUCT_NAME = "$(TARGET_NAME)";
				SUPPORTED_PLATFORMS = "iphoneos iphonesimulator";
				SUPPORTS_MACCATALYST = NO;
				SUPPORTS_MAC_DESIGNED_FOR_IPHONE_IPAD = NO;
				SWIFT_EMIT_LOC_STRINGS = YES;
				SWIFT_VERSION = 5.0;
				TARGETED_DEVICE_FAMILY = 2;
			};
			name = Debug;
		};
		FB077B3D29E4720F004F0857 /* Release */ = {
			isa = XCBuildConfiguration;
			buildSettings = {
				ASSETCATALOG_COMPILER_APPICON_NAME = AppIcon;
				ASSETCATALOG_COMPILER_GLOBAL_ACCENT_COLOR_NAME = AccentColor;
				CODE_SIGN_STYLE = Automatic;
				CURRENT_PROJECT_VERSION = 1;
				DEVELOPMENT_ASSET_PATHS = "\"ModelSketch/Preview Content\"";
				DEVELOPMENT_TEAM = FMKG4J2L9M;
				ENABLE_PREVIEWS = YES;
				GENERATE_INFOPLIST_FILE = YES;
				INFOPLIST_FILE = ModelSketch/Info.plist;
				INFOPLIST_KEY_LSSupportsOpeningDocumentsInPlace = YES;
				INFOPLIST_KEY_UIApplicationSceneManifest_Generation = YES;
				INFOPLIST_KEY_UIApplicationSupportsIndirectInputEvents = YES;
				INFOPLIST_KEY_UILaunchScreen_Generation = YES;
				INFOPLIST_KEY_UISupportedInterfaceOrientations_iPad = "UIInterfaceOrientationPortrait UIInterfaceOrientationPortraitUpsideDown UIInterfaceOrientationLandscapeLeft UIInterfaceOrientationLandscapeRight";
				INFOPLIST_KEY_UISupportedInterfaceOrientations_iPhone = "UIInterfaceOrientationPortrait UIInterfaceOrientationLandscapeLeft UIInterfaceOrientationLandscapeRight";
				LD_RUNPATH_SEARCH_PATHS = (
					"$(inherited)",
					"@executable_path/Frameworks",
				);
				MARKETING_VERSION = 1.0;
				PRODUCT_BUNDLE_IDENTIFIER = com.boztalay.ModelSketch;
				PRODUCT_NAME = "$(TARGET_NAME)";
				SUPPORTED_PLATFORMS = "iphoneos iphonesimulator";
				SUPPORTS_MACCATALYST = NO;
				SUPPORTS_MAC_DESIGNED_FOR_IPHONE_IPAD = NO;
				SWIFT_EMIT_LOC_STRINGS = YES;
				SWIFT_VERSION = 5.0;
				TARGETED_DEVICE_FAMILY = 2;
			};
			name = Release;
		};
/* End XCBuildConfiguration section */

/* Begin XCConfigurationList section */
		FB077B2829E4720F004F0857 /* Build configuration list for PBXProject "ModelSketch" */ = {
			isa = XCConfigurationList;
			buildConfigurations = (
				FB077B3929E4720F004F0857 /* Debug */,
				FB077B3A29E4720F004F0857 /* Release */,
			);
			defaultConfigurationIsVisible = 0;
			defaultConfigurationName = Release;
		};
		FB077B3B29E4720F004F0857 /* Build configuration list for PBXNativeTarget "ModelSketch" */ = {
			isa = XCConfigurationList;
			buildConfigurations = (
				FB077B3C29E4720F004F0857 /* Debug */,
				FB077B3D29E4720F004F0857 /* Release */,
			);
			defaultConfigurationIsVisible = 0;
			defaultConfigurationName = Release;
		};
/* End XCConfigurationList section */

/* Begin XCRemoteSwiftPackageReference section */
		FB077B4C29E8C317004F0857 /* XCRemoteSwiftPackageReference "Wave" */ = {
			isa = XCRemoteSwiftPackageReference;
			repositoryURL = "https://github.com/jtrivedi/Wave";
			requirement = {
				kind = upToNextMajorVersion;
				minimumVersion = 0.3.2;
			};
		};
/* End XCRemoteSwiftPackageReference section */

/* Begin XCSwiftPackageProductDependency section */
		FB077B4D29E8C317004F0857 /* Wave */ = {
			isa = XCSwiftPackageProductDependency;
			package = FB077B4C29E8C317004F0857 /* XCRemoteSwiftPackageReference "Wave" */;
			productName = Wave;
		};
/* End XCSwiftPackageProductDependency section */
	};
	rootObject = FB077B2529E4720F004F0857 /* Project object */;
}
